{
  "version": 4,
  "terraform_version": "1.4.6",
  "serial": 50,
  "lineage": "1f23ae07-8ef9-83e2-3419-0e253d0a84ad",
  "outputs": {},
  "resources": [
    {
      "mode": "data",
      "type": "google_client_config",
      "name": "default",
      "provider": "provider[\"registry.terraform.io/hashicorp/google\"]",
      "instances": [
        {
          "schema_version": 0,
          "attributes": {
            "access_token": "ya29.c.b0Aaekm1L8D-72B4ohmyJN5pgRbhNsO2u2lW6RTmxubmOMZ-mjmFNRG-yLNPDZe15FskW7VtEeGu4V_TWlo_0fh2w5g628bp8anr2T0EJqofGTNRYVTpnjU6qYWnMYUNlq0WYNh311n1M7cBlIlEgATzNoY3pGTMhEuCqEbftg_wbNapknjByq83i776zHnlJXuIEW3woduYMdkloFiERTQ9nJfTCxWoVnODQSMEMWAG0ZYAsCAk5jih4FuNBvRs0SciSiNf5fobbL8HvRb5D-gXx2CEijq6jaDi-RtYFpEJS7Ei1UwXad1FbeYQ5ufoQsbIYN3MKFF7pcE341AQ6u8USpzUcq7Snr6Q9u5OZcFJiYxOsQxu6Uu3cdlrWW2JgIte3uixfgf6FhIa8csutofqt2Vz6s6muQk0kO8U34B8QaY1yu74nx0q3uYYs-8O447ki4S4-BMaZojzpJ1jwg9o7x4JbQX6s2d83itsUOisv-W8Vuwluc4Qi4anV1Jl_y6e0zu7vMYz2sMB1jWRdxtvaeakmUWSirodVm7Y9XWOj-g_4QmuunnZm-mS22S16R2MFw21whnWyl2FV9Yr2YFZsI6buunj5zM-ta4sgm_ftlpFxuoJ17Il0zOfjq3-faYOhsnkn2mWxgrqd_yo-soo-89WmeYFt7qjcUXF3pzzvafYt1aacsfhiOijxvS8zbgkZp_s1MMrxVy65VYYa3i64UYXkklgxXj7-scqStIrau1tVIis-1SIWpRk5_q4d3BRyxMMc_lor9WJV-SkZ7csi23qqk7zfkxwBbBuzJtf2hx-yd7ZU805Zs0l-_x4saclmnSX2qQI5YqYmgS4loSoF-gqba6zoyWa7JWOp8hJtB7oZu5MkmrOwZz4zjJMkft76SkSSvMujQUX5bhyaYXWYsmXwgrMcMUMiU7iIptg_w6fRusgsBrIbbu4Vzofcvws9j3mbZV7I38RcgQFF1euduBY9aqgg4lX2hlFIJWtM8V-68lW64Xqy",
            "id": "projects/\"prenotiamo\"/regions/\"asia-east1\"/zones/\u003cnull\u003e",
            "project": "prenotiamo",
            "region": "asia-east1",
            "zone": null
          },
          "sensitive_attributes": []
        }
      ]
    },
    {
      "mode": "data",
      "type": "google_container_cluster",
      "name": "cluster",
      "provider": "provider[\"registry.terraform.io/hashicorp/google\"]",
      "instances": [
        {
          "schema_version": 0,
          "attributes": {
            "addons_config": [
              {
                "cloudrun_config": [],
                "config_connector_config": [],
                "dns_cache_config": [],
                "gce_persistent_disk_csi_driver_config": [
                  {
                    "enabled": true
                  }
                ],
                "gcp_filestore_csi_driver_config": [],
                "gke_backup_agent_config": [],
                "horizontal_pod_autoscaling": [],
                "http_load_balancing": [],
                "network_policy_config": [
                  {
                    "disabled": true
                  }
                ]
              }
            ],
            "authenticator_groups_config": [],
            "binary_authorization": [
              {
                "enabled": false,
                "evaluation_mode": ""
              }
            ],
            "cluster_autoscaling": [
              {
                "auto_provisioning_defaults": [],
                "enabled": false,
                "resource_limits": []
              }
            ],
            "cluster_ipv4_cidr": "10.76.0.0/14",
            "confidential_nodes": [],
            "cost_management_config": [],
            "database_encryption": [
              {
                "key_name": "",
                "state": "DECRYPTED"
              }
            ],
            "datapath_provider": "",
            "default_max_pods_per_node": null,
            "default_snat_status": [
              {
                "disabled": false
              }
            ],
            "description": "",
            "dns_config": [],
            "enable_autopilot": false,
            "enable_binary_authorization": false,
            "enable_intranode_visibility": false,
            "enable_kubernetes_alpha": false,
            "enable_l4_ilb_subsetting": false,
            "enable_legacy_abac": false,
            "enable_shielded_nodes": true,
            "enable_tpu": false,
            "endpoint": "35.194.155.21",
            "gateway_api_config": [],
            "id": "projects/prenotiamo/locations/asia-east1-a/clusters/prenotiamo-cluster",
            "initial_node_count": 0,
            "ip_allocation_policy": [],
            "label_fingerprint": "a9dc16a7",
            "location": "asia-east1-a",
            "logging_config": [
              {
                "enable_components": [
                  "SYSTEM_COMPONENTS",
                  "WORKLOADS"
                ]
              }
            ],
            "logging_service": "logging.googleapis.com/kubernetes",
            "maintenance_policy": [],
            "master_auth": [
              {
                "client_certificate": "",
                "client_certificate_config": [
                  {
                    "issue_client_certificate": false
                  }
                ],
                "client_key": "",
                "cluster_ca_certificate": "LS0tLS1CRUdJTiBDRVJUSUZJQ0FURS0tLS0tCk1JSUVMRENDQXBTZ0F3SUJBZ0lRR2ZRLzJ6TURZdWdNSmRNV3JXUWNOVEFOQmdrcWhraUc5dzBCQVFzRkFEQXYKTVMwd0t3WURWUVFERXlSaU56RmlORFZtTlMxbFpUWXdMVFF5TnpRdFlqazBZaTB6TVdZME1tWXpNalUwWWpRdwpJQmNOTWpNd05UQTRNVGt5TVRRd1doZ1BNakExTXpBME16QXlNREl4TkRCYU1DOHhMVEFyQmdOVkJBTVRKR0kzCk1XSTBOV1kxTFdWbE5qQXROREkzTkMxaU9UUmlMVE14WmpReVpqTXlOVFJpTkRDQ0FhSXdEUVlKS29aSWh2Y04KQVFFQkJRQURnZ0dQQURDQ0FZb0NnZ0dCQUs0cGlOdi9rUXdHQklkbzhiSzZkbGxoS2VvL0lGZHdXSDNOdUtuWAp0NWhJb0NELzVYVzc3RnN4V2o3Tm90RmdOVDNJczltWUJGQWRaSU10TUJCL2lrVk4zU1ZzQ2VJZzdrN1JlMWlhCjRMdmNFUVI0d3pZQW91UTFjQXREbDI5bExGd0RNTExHS0Q1M0REVkRyOXpqZ3V5bjlhZm9Ebm10TlA1OWlmTUwKMU54MFpFRlAycTZrZDQ3b2hKbGFZd0FnU3ZmclczL1hQaEg2c3AvKzdpZHBZNndzL3QzRnUzV2VwYy9BQmRMcApUbmFlWERqekFLQ0R0SFBUYWFmdW9ma1dsOWFyWnYwTGJRYjdnbnFjcG5jdmdSNUFhYy9Ra043ZS9rV2JDSmpCCitYWktUSVZXWFhwWVV3SDNtcGh3Tk41SHBmZWtQVVNQVVNUZVcrQTZMUXlCVGc3WTQrdEIycTZtQVdGdmhYUk0KaDVPOUN0cnhnR3EyZE1JdktXbUhkQ2UvL25DYUxPTXBrMkVzOFpic3BTUmJua1ZZMkdETXBwUW5SN2x4TXBvMQoyZjV0cjdWZk1TZXEwOXIwMTJ4K0g1OU1KSnEwSmpqMTZOTXZxTjlkVGVIdmhFZ3BvNERqQlJMZURIaG05Z1dOCk1lWGFCb0lPWjhxRlgxWnhHTXZCRW1XeUd3SURBUUFCbzBJd1FEQU9CZ05WSFE4QkFmOEVCQU1DQWdRd0R3WUQKVlIwVEFRSC9CQVV3QXdFQi96QWRCZ05WSFE0RUZnUVU4MGhvUXp6Y1l3a09xNEhmc0I1c3J2SjZQam93RFFZSgpLb1pJaHZjTkFRRUxCUUFEZ2dHQkFGdkhwdU5rSWU0ZSswY1lpOHhZdDZQL1BnSmMyVzZDb25lOHYyOWUxT0lDCjM3cjBEMmRFV0MwUEdXd2x0dTgydXIwb212aWZ3WG9qLzZOelJxeW91V2JISitVUVlkUlVUMW1OODRnQTU3bE4KazV3VDUyMUVFangxNFlCSFZEdDVCSkJ2QXVyMWl0dHM0OXhCdEVlVWJDSW0xWWNqMXVXcmxKNUJhdktjdVY1eApET2VMSEswU0c2R1RyUkNjc0p3d3phdzZwaGtXU1BvbDlYS0ZzaUJrQzBNS0hKL1EwdUlEaTc1NW5RaDEvZW9YCjhXOWRTK3RoQVAyZGplcXhCVnM3SVF4cXoyejdUeU5tc0gzRmdzQVphdWgzODcxcXZUcTVSL21HaW1RbjFYSm0KczhoNys0WitDLy8yQlNTdDJpcUhHNi9DZ1BXZjRHZ001WFpDMVhtUVZRMFhwdzRWUlpXZElFYlBUWjh6eUp4UApVclZLSlJCZmFnSndXd0JLY1dNQ1llNHVKWlRDZ210eDZUWWdMMzJSZFZnTUJDZkVFWktidnFIemRIc0tzeUxmCmk3OUJMRGFzeS9iclVIc1pPbE9PSGNoaGlMZGhEdXRhWk8vcU9lU3M1aE1zVGxxN3FEM1ZsbFhTNzk1eXJQM0YKY005dC81dWRMa1hGaDlGU2hyMEZCZz09Ci0tLS0tRU5EIENFUlRJRklDQVRFLS0tLS0K"
              }
            ],
            "master_authorized_networks_config": [],
            "master_version": "1.25.7-gke.1000",
            "mesh_certificates": [],
            "min_master_version": null,
            "monitoring_config": [
              {
                "enable_components": [
                  "SYSTEM_COMPONENTS"
                ],
                "managed_prometheus": []
              }
            ],
            "monitoring_service": "monitoring.googleapis.com/kubernetes",
            "name": "prenotiamo-cluster",
            "network": "projects/prenotiamo/global/networks/default",
            "network_policy": [
              {
                "enabled": false,
                "provider": "PROVIDER_UNSPECIFIED"
              }
            ],
            "networking_mode": "ROUTES",
            "node_config": [
              {
                "advanced_machine_features": [],
                "boot_disk_kms_key": "",
                "disk_size_gb": 100,
                "disk_type": "pd-balanced",
                "ephemeral_storage_local_ssd_config": [],
                "gcfs_config": [],
                "guest_accelerator": [],
                "gvnic": [],
                "image_type": "COS_CONTAINERD",
                "kubelet_config": [],
                "labels": {},
                "linux_node_config": [],
                "local_nvme_ssd_block_config": [],
                "local_ssd_count": 0,
                "logging_variant": "DEFAULT",
                "machine_type": "n1-standard-1",
                "metadata": {
                  "disable-legacy-endpoints": "true"
                },
                "min_cpu_platform": "",
                "node_group": "",
                "oauth_scopes": [
                  "https://www.googleapis.com/auth/devstorage.read_only",
                  "https://www.googleapis.com/auth/logging.write",
                  "https://www.googleapis.com/auth/monitoring",
                  "https://www.googleapis.com/auth/service.management.readonly",
                  "https://www.googleapis.com/auth/servicecontrol",
                  "https://www.googleapis.com/auth/trace.append"
                ],
                "preemptible": true,
                "reservation_affinity": [],
                "resource_labels": {},
                "service_account": "default",
                "shielded_instance_config": [
                  {
                    "enable_integrity_monitoring": true,
                    "enable_secure_boot": false
                  }
                ],
                "spot": false,
                "tags": [],
                "taint": [],
                "workload_metadata_config": []
              }
            ],
            "node_locations": [],
            "node_pool": [
              {
                "autoscaling": [],
                "initial_node_count": 1,
                "instance_group_urls": [
                  "https://www.googleapis.com/compute/v1/projects/prenotiamo/zones/asia-east1-a/instanceGroupManagers/gke-prenotiamo-cluster-default-pool-f888c941-grp"
                ],
                "managed_instance_group_urls": [
                  "https://www.googleapis.com/compute/v1/projects/prenotiamo/zones/asia-east1-a/instanceGroups/gke-prenotiamo-cluster-default-pool-f888c941-grp"
                ],
                "management": [
                  {
                    "auto_repair": true,
                    "auto_upgrade": true
                  }
                ],
                "max_pods_per_node": 0,
                "name": "default-pool",
                "name_prefix": "",
                "network_config": [
                  {
                    "create_pod_range": false,
                    "enable_private_nodes": false,
                    "pod_cidr_overprovision_config": [],
                    "pod_ipv4_cidr_block": "",
                    "pod_range": ""
                  }
                ],
                "node_config": [
                  {
                    "advanced_machine_features": [],
                    "boot_disk_kms_key": "",
                    "disk_size_gb": 100,
                    "disk_type": "pd-balanced",
                    "ephemeral_storage_local_ssd_config": [],
                    "gcfs_config": [],
                    "guest_accelerator": [],
                    "gvnic": [],
                    "image_type": "COS_CONTAINERD",
                    "kubelet_config": [],
                    "labels": {},
                    "linux_node_config": [],
                    "local_nvme_ssd_block_config": [],
                    "local_ssd_count": 0,
                    "logging_variant": "DEFAULT",
                    "machine_type": "n1-standard-1",
                    "metadata": {
                      "disable-legacy-endpoints": "true"
                    },
                    "min_cpu_platform": "",
                    "node_group": "",
                    "oauth_scopes": [
                      "https://www.googleapis.com/auth/devstorage.read_only",
                      "https://www.googleapis.com/auth/logging.write",
                      "https://www.googleapis.com/auth/monitoring",
                      "https://www.googleapis.com/auth/service.management.readonly",
                      "https://www.googleapis.com/auth/servicecontrol",
                      "https://www.googleapis.com/auth/trace.append"
                    ],
                    "preemptible": true,
                    "reservation_affinity": [],
                    "resource_labels": {},
                    "service_account": "default",
                    "shielded_instance_config": [
                      {
                        "enable_integrity_monitoring": true,
                        "enable_secure_boot": false
                      }
                    ],
                    "spot": false,
                    "tags": [],
                    "taint": [],
                    "workload_metadata_config": []
                  }
                ],
                "node_count": 1,
                "node_locations": [
                  "asia-east1-a"
                ],
                "placement_policy": [],
                "upgrade_settings": [
                  {
                    "blue_green_settings": [],
                    "max_surge": 1,
                    "max_unavailable": 0,
                    "strategy": "SURGE"
                  }
                ],
                "version": "1.25.7-gke.1000"
              }
            ],
            "node_pool_defaults": [
              {
                "node_config_defaults": [
                  {
                    "logging_variant": "DEFAULT"
                  }
                ]
              }
            ],
            "node_version": "1.25.7-gke.1000",
            "notification_config": [
              {
                "pubsub": [
                  {
                    "enabled": false,
                    "filter": [],
                    "topic": ""
                  }
                ]
              }
            ],
            "operation": null,
            "private_cluster_config": [
              {
                "enable_private_endpoint": false,
                "enable_private_nodes": false,
                "master_global_access_config": [
                  {
                    "enabled": false
                  }
                ],
                "master_ipv4_cidr_block": "",
                "peering_name": "",
                "private_endpoint": "10.140.0.14",
                "private_endpoint_subnetwork": "",
                "public_endpoint": "35.194.155.21"
              }
            ],
            "private_ipv6_google_access": "",
            "project": "prenotiamo",
            "release_channel": [
              {
                "channel": "REGULAR"
              }
            ],
            "remove_default_node_pool": null,
            "resource_labels": {},
            "resource_usage_export_config": [],
            "self_link": "https://container.googleapis.com/v1/projects/prenotiamo/zones/asia-east1-a/clusters/prenotiamo-cluster",
            "service_external_ips_config": [
              {
                "enabled": false
              }
            ],
            "services_ipv4_cidr": "10.79.240.0/20",
            "subnetwork": "projects/prenotiamo/regions/asia-east1/subnetworks/default",
            "tpu_ipv4_cidr_block": "",
            "vertical_pod_autoscaling": [],
            "workload_identity_config": []
          },
          "sensitive_attributes": []
        }
      ]
    },
    {
      "mode": "managed",
      "type": "google_container_cluster",
      "name": "prenotiamo_cluster",
      "provider": "provider[\"registry.terraform.io/hashicorp/google\"]",
      "instances": [
        {
          "schema_version": 1,
          "attributes": {
            "addons_config": [
              {
                "cloudrun_config": [],
                "config_connector_config": [],
                "dns_cache_config": [],
                "gce_persistent_disk_csi_driver_config": [
                  {
                    "enabled": true
                  }
                ],
                "gcp_filestore_csi_driver_config": [],
                "gke_backup_agent_config": [],
                "horizontal_pod_autoscaling": [],
                "http_load_balancing": [],
                "network_policy_config": [
                  {
                    "disabled": true
                  }
                ]
              }
            ],
            "authenticator_groups_config": [],
            "binary_authorization": [
              {
                "enabled": false,
                "evaluation_mode": ""
              }
            ],
            "cluster_autoscaling": [
              {
                "auto_provisioning_defaults": [],
                "enabled": false,
                "resource_limits": []
              }
            ],
            "cluster_ipv4_cidr": "10.76.0.0/14",
            "confidential_nodes": [],
            "cost_management_config": [],
            "database_encryption": [
              {
                "key_name": "",
                "state": "DECRYPTED"
              }
            ],
            "datapath_provider": "",
            "default_max_pods_per_node": null,
            "default_snat_status": [
              {
                "disabled": false
              }
            ],
            "description": "",
            "dns_config": [],
            "enable_autopilot": false,
            "enable_binary_authorization": false,
            "enable_intranode_visibility": false,
            "enable_kubernetes_alpha": false,
            "enable_l4_ilb_subsetting": false,
            "enable_legacy_abac": false,
            "enable_shielded_nodes": true,
            "enable_tpu": false,
            "endpoint": "35.194.155.21",
            "gateway_api_config": [],
            "id": "projects/prenotiamo/locations/asia-east1-a/clusters/prenotiamo-cluster",
            "initial_node_count": 0,
            "ip_allocation_policy": [],
            "label_fingerprint": "a9dc16a7",
            "location": "asia-east1-a",
            "logging_config": [
              {
                "enable_components": [
                  "SYSTEM_COMPONENTS",
                  "WORKLOADS"
                ]
              }
            ],
            "logging_service": "logging.googleapis.com/kubernetes",
            "maintenance_policy": [],
            "master_auth": [
              {
                "client_certificate": "",
                "client_certificate_config": [
                  {
                    "issue_client_certificate": false
                  }
                ],
                "client_key": "",
                "cluster_ca_certificate": "LS0tLS1CRUdJTiBDRVJUSUZJQ0FURS0tLS0tCk1JSUVMRENDQXBTZ0F3SUJBZ0lRR2ZRLzJ6TURZdWdNSmRNV3JXUWNOVEFOQmdrcWhraUc5dzBCQVFzRkFEQXYKTVMwd0t3WURWUVFERXlSaU56RmlORFZtTlMxbFpUWXdMVFF5TnpRdFlqazBZaTB6TVdZME1tWXpNalUwWWpRdwpJQmNOTWpNd05UQTRNVGt5TVRRd1doZ1BNakExTXpBME16QXlNREl4TkRCYU1DOHhMVEFyQmdOVkJBTVRKR0kzCk1XSTBOV1kxTFdWbE5qQXROREkzTkMxaU9UUmlMVE14WmpReVpqTXlOVFJpTkRDQ0FhSXdEUVlKS29aSWh2Y04KQVFFQkJRQURnZ0dQQURDQ0FZb0NnZ0dCQUs0cGlOdi9rUXdHQklkbzhiSzZkbGxoS2VvL0lGZHdXSDNOdUtuWAp0NWhJb0NELzVYVzc3RnN4V2o3Tm90RmdOVDNJczltWUJGQWRaSU10TUJCL2lrVk4zU1ZzQ2VJZzdrN1JlMWlhCjRMdmNFUVI0d3pZQW91UTFjQXREbDI5bExGd0RNTExHS0Q1M0REVkRyOXpqZ3V5bjlhZm9Ebm10TlA1OWlmTUwKMU54MFpFRlAycTZrZDQ3b2hKbGFZd0FnU3ZmclczL1hQaEg2c3AvKzdpZHBZNndzL3QzRnUzV2VwYy9BQmRMcApUbmFlWERqekFLQ0R0SFBUYWFmdW9ma1dsOWFyWnYwTGJRYjdnbnFjcG5jdmdSNUFhYy9Ra043ZS9rV2JDSmpCCitYWktUSVZXWFhwWVV3SDNtcGh3Tk41SHBmZWtQVVNQVVNUZVcrQTZMUXlCVGc3WTQrdEIycTZtQVdGdmhYUk0KaDVPOUN0cnhnR3EyZE1JdktXbUhkQ2UvL25DYUxPTXBrMkVzOFpic3BTUmJua1ZZMkdETXBwUW5SN2x4TXBvMQoyZjV0cjdWZk1TZXEwOXIwMTJ4K0g1OU1KSnEwSmpqMTZOTXZxTjlkVGVIdmhFZ3BvNERqQlJMZURIaG05Z1dOCk1lWGFCb0lPWjhxRlgxWnhHTXZCRW1XeUd3SURBUUFCbzBJd1FEQU9CZ05WSFE4QkFmOEVCQU1DQWdRd0R3WUQKVlIwVEFRSC9CQVV3QXdFQi96QWRCZ05WSFE0RUZnUVU4MGhvUXp6Y1l3a09xNEhmc0I1c3J2SjZQam93RFFZSgpLb1pJaHZjTkFRRUxCUUFEZ2dHQkFGdkhwdU5rSWU0ZSswY1lpOHhZdDZQL1BnSmMyVzZDb25lOHYyOWUxT0lDCjM3cjBEMmRFV0MwUEdXd2x0dTgydXIwb212aWZ3WG9qLzZOelJxeW91V2JISitVUVlkUlVUMW1OODRnQTU3bE4KazV3VDUyMUVFangxNFlCSFZEdDVCSkJ2QXVyMWl0dHM0OXhCdEVlVWJDSW0xWWNqMXVXcmxKNUJhdktjdVY1eApET2VMSEswU0c2R1RyUkNjc0p3d3phdzZwaGtXU1BvbDlYS0ZzaUJrQzBNS0hKL1EwdUlEaTc1NW5RaDEvZW9YCjhXOWRTK3RoQVAyZGplcXhCVnM3SVF4cXoyejdUeU5tc0gzRmdzQVphdWgzODcxcXZUcTVSL21HaW1RbjFYSm0KczhoNys0WitDLy8yQlNTdDJpcUhHNi9DZ1BXZjRHZ001WFpDMVhtUVZRMFhwdzRWUlpXZElFYlBUWjh6eUp4UApVclZLSlJCZmFnSndXd0JLY1dNQ1llNHVKWlRDZ210eDZUWWdMMzJSZFZnTUJDZkVFWktidnFIemRIc0tzeUxmCmk3OUJMRGFzeS9iclVIc1pPbE9PSGNoaGlMZGhEdXRhWk8vcU9lU3M1aE1zVGxxN3FEM1ZsbFhTNzk1eXJQM0YKY005dC81dWRMa1hGaDlGU2hyMEZCZz09Ci0tLS0tRU5EIENFUlRJRklDQVRFLS0tLS0K"
              }
            ],
            "master_authorized_networks_config": [],
            "master_version": "1.25.7-gke.1000",
            "mesh_certificates": [],
            "min_master_version": null,
            "monitoring_config": [
              {
                "enable_components": [
                  "SYSTEM_COMPONENTS"
                ],
                "managed_prometheus": []
              }
            ],
            "monitoring_service": "monitoring.googleapis.com/kubernetes",
            "name": "prenotiamo-cluster",
            "network": "projects/prenotiamo/global/networks/default",
            "network_policy": [
              {
                "enabled": false,
                "provider": "PROVIDER_UNSPECIFIED"
              }
            ],
            "networking_mode": "ROUTES",
            "node_config": [
              {
                "advanced_machine_features": [],
                "boot_disk_kms_key": "",
                "disk_size_gb": 100,
                "disk_type": "pd-balanced",
                "ephemeral_storage_local_ssd_config": [],
                "gcfs_config": [],
                "guest_accelerator": [],
                "gvnic": [],
                "image_type": "COS_CONTAINERD",
                "kubelet_config": [],
                "labels": {},
                "linux_node_config": [],
                "local_nvme_ssd_block_config": [],
                "local_ssd_count": 0,
                "logging_variant": "DEFAULT",
                "machine_type": "n1-standard-1",
                "metadata": {
                  "disable-legacy-endpoints": "true"
                },
                "min_cpu_platform": "",
                "node_group": "",
                "oauth_scopes": [
                  "https://www.googleapis.com/auth/devstorage.read_only",
                  "https://www.googleapis.com/auth/logging.write",
                  "https://www.googleapis.com/auth/monitoring",
                  "https://www.googleapis.com/auth/service.management.readonly",
                  "https://www.googleapis.com/auth/servicecontrol",
                  "https://www.googleapis.com/auth/trace.append"
                ],
                "preemptible": true,
                "reservation_affinity": [],
                "resource_labels": {},
                "service_account": "default",
                "shielded_instance_config": [
                  {
                    "enable_integrity_monitoring": true,
                    "enable_secure_boot": false
                  }
                ],
                "spot": false,
                "tags": [],
                "taint": [],
                "workload_metadata_config": []
              }
            ],
            "node_locations": [],
            "node_pool": [
              {
                "autoscaling": [],
                "initial_node_count": 1,
                "instance_group_urls": [
                  "https://www.googleapis.com/compute/v1/projects/prenotiamo/zones/asia-east1-a/instanceGroupManagers/gke-prenotiamo-cluster-default-pool-f888c941-grp"
                ],
                "managed_instance_group_urls": [
                  "https://www.googleapis.com/compute/v1/projects/prenotiamo/zones/asia-east1-a/instanceGroups/gke-prenotiamo-cluster-default-pool-f888c941-grp"
                ],
                "management": [
                  {
                    "auto_repair": true,
                    "auto_upgrade": true
                  }
                ],
                "max_pods_per_node": 0,
                "name": "default-pool",
                "name_prefix": "",
                "network_config": [
                  {
                    "create_pod_range": false,
                    "enable_private_nodes": false,
                    "pod_cidr_overprovision_config": [],
                    "pod_ipv4_cidr_block": "",
                    "pod_range": ""
                  }
                ],
                "node_config": [
                  {
                    "advanced_machine_features": [],
                    "boot_disk_kms_key": "",
                    "disk_size_gb": 100,
                    "disk_type": "pd-balanced",
                    "ephemeral_storage_local_ssd_config": [],
                    "gcfs_config": [],
                    "guest_accelerator": [],
                    "gvnic": [],
                    "image_type": "COS_CONTAINERD",
                    "kubelet_config": [],
                    "labels": {},
                    "linux_node_config": [],
                    "local_nvme_ssd_block_config": [],
                    "local_ssd_count": 0,
                    "logging_variant": "DEFAULT",
                    "machine_type": "n1-standard-1",
                    "metadata": {
                      "disable-legacy-endpoints": "true"
                    },
                    "min_cpu_platform": "",
                    "node_group": "",
                    "oauth_scopes": [
                      "https://www.googleapis.com/auth/devstorage.read_only",
                      "https://www.googleapis.com/auth/logging.write",
                      "https://www.googleapis.com/auth/monitoring",
                      "https://www.googleapis.com/auth/service.management.readonly",
                      "https://www.googleapis.com/auth/servicecontrol",
                      "https://www.googleapis.com/auth/trace.append"
                    ],
                    "preemptible": true,
                    "reservation_affinity": [],
                    "resource_labels": null,
                    "service_account": "default",
                    "shielded_instance_config": [
                      {
                        "enable_integrity_monitoring": true,
                        "enable_secure_boot": false
                      }
                    ],
                    "spot": false,
                    "tags": null,
                    "taint": [],
                    "workload_metadata_config": []
                  }
                ],
                "node_count": 1,
                "node_locations": [
                  "asia-east1-a"
                ],
                "placement_policy": [],
                "upgrade_settings": [
                  {
                    "blue_green_settings": [],
                    "max_surge": 1,
                    "max_unavailable": 0,
                    "strategy": "SURGE"
                  }
                ],
                "version": "1.25.7-gke.1000"
              }
            ],
            "node_pool_defaults": [
              {
                "node_config_defaults": [
                  {
                    "logging_variant": "DEFAULT"
                  }
                ]
              }
            ],
            "node_version": "1.25.7-gke.1000",
            "notification_config": [
              {
                "pubsub": [
                  {
                    "enabled": false,
                    "filter": [],
                    "topic": ""
                  }
                ]
              }
            ],
            "operation": null,
            "private_cluster_config": [
              {
                "enable_private_endpoint": false,
                "enable_private_nodes": false,
                "master_global_access_config": [
                  {
                    "enabled": false
                  }
                ],
                "master_ipv4_cidr_block": "",
                "peering_name": "",
                "private_endpoint": "10.140.0.14",
                "private_endpoint_subnetwork": "",
                "public_endpoint": "35.194.155.21"
              }
            ],
            "private_ipv6_google_access": "",
            "project": "prenotiamo",
            "release_channel": [
              {
                "channel": "REGULAR"
              }
            ],
            "remove_default_node_pool": null,
            "resource_labels": null,
            "resource_usage_export_config": [],
            "self_link": "https://container.googleapis.com/v1/projects/prenotiamo/zones/asia-east1-a/clusters/prenotiamo-cluster",
            "service_external_ips_config": [
              {
                "enabled": false
              }
            ],
            "services_ipv4_cidr": "10.79.240.0/20",
            "subnetwork": "projects/prenotiamo/regions/asia-east1/subnetworks/default",
            "timeouts": null,
            "tpu_ipv4_cidr_block": "",
            "vertical_pod_autoscaling": [],
            "workload_identity_config": []
          },
          "sensitive_attributes": [],
          "private": "eyJlMmJmYjczMC1lY2FhLTExZTYtOGY4OC0zNDM2M2JjN2M0YzAiOnsiY3JlYXRlIjoyNDAwMDAwMDAwMDAwLCJkZWxldGUiOjI0MDAwMDAwMDAwMDAsInJlYWQiOjI0MDAwMDAwMDAwMDAsInVwZGF0ZSI6MzYwMDAwMDAwMDAwMH0sInNjaGVtYV92ZXJzaW9uIjoiMSJ9"
        }
      ]
    },
    {
      "mode": "managed",
      "type": "google_sql_database_instance",
      "name": "prenotiamo_instance",
      "provider": "provider[\"registry.terraform.io/hashicorp/google\"]",
      "instances": [
        {
          "schema_version": 0,
          "attributes": {
            "available_maintenance_versions": [],
            "clone": [],
            "connection_name": "prenotiamo:asia-east1:prenotiamo-instance",
            "database_version": "MYSQL_5_7",
            "deletion_protection": false,
            "encryption_key_name": null,
            "first_ip_address": "35.221.221.143",
            "id": "prenotiamo-instance",
            "instance_type": "CLOUD_SQL_INSTANCE",
            "ip_address": [
              {
                "ip_address": "35.221.221.143",
                "time_to_retire": "",
                "type": "PRIMARY"
              }
            ],
            "maintenance_version": "MYSQL_5_7_40.R20230314.03_02",
            "master_instance_name": "",
            "name": "prenotiamo-instance",
            "private_ip_address": "",
            "project": "prenotiamo",
            "public_ip_address": "35.221.221.143",
            "region": "asia-east1",
            "replica_configuration": [],
            "restore_backup_context": [],
            "root_password": null,
            "self_link": "https://sqladmin.googleapis.com/sql/v1beta4/projects/prenotiamo/instances/prenotiamo-instance",
            "server_ca_cert": [
              {
                "cert": "-----BEGIN CERTIFICATE-----\nMIIDfzCCAmegAwIBAgIBADANBgkqhkiG9w0BAQsFADB3MS0wKwYDVQQuEyQ5Yzhh\nMjgwOC1kM2Y0LTRkNTktYmU0MC1kNmQ1ODlkYTU1YzcxIzAhBgNVBAMTGkdvb2ds\nZSBDbG91ZCBTUUwgU2VydmVyIENBMRQwEgYDVQQKEwtHb29nbGUsIEluYzELMAkG\nA1UEBhMCVVMwHhcNMjMwNTA4MjAxNzI3WhcNMzMwNTA1MjAxODI3WjB3MS0wKwYD\nVQQuEyQ5YzhhMjgwOC1kM2Y0LTRkNTktYmU0MC1kNmQ1ODlkYTU1YzcxIzAhBgNV\nBAMTGkdvb2dsZSBDbG91ZCBTUUwgU2VydmVyIENBMRQwEgYDVQQKEwtHb29nbGUs\nIEluYzELMAkGA1UEBhMCVVMwggEiMA0GCSqGSIb3DQEBAQUAA4IBDwAwggEKAoIB\nAQDL6/sUhmvkYGt5Mgxm0fDKdbLtl5KT5oddsasZHFFOQNS8xU9X9S4UZW8J++V6\nfxfUm/VRID0eFk/0kA8054pFXR7LHoMbiMEnfl4fz9YlUtGmJ+U/Gu7poqHHQcmK\nclG9Ma8o6ZXBczeO1IPuy2SOQxLDvv9Z5kKYecxQTyIi2r+bYhUJrI6ksoqetIPT\nhY73QkCV9+W3ZFquBBhbhVm47DWo+hb1hsR6gwaXouHb85qRAunx2PN5Uei0Mm7s\nLQzNPHijcIZd+mR9yTyxm8JdXF1MIDBP0AJGhnFs07irWJl+UZ9BkQtao3TRROs+\noKQzL16aHCNaDxDhvNupd2H7AgMBAAGjFjAUMBIGA1UdEwEB/wQIMAYBAf8CAQAw\nDQYJKoZIhvcNAQELBQADggEBAEAO4axCWsuaUhgVKC8psOa2BP5n4hzyZk2Nf3Ts\nXGrfHpIktXWNlnuSS8mFlN70R5xVRrisUmvKM7Te2DKc9L7PgEcdqcU6C77ZmoaI\nRAdBFFygObHTuTRASUfPXc6N1MpWa6DI76h+dg0f4YbYkVZV3bOouZGrYdR6xsF7\n4ZhdOOFi/wDVhZgIjcHTn1pyBLomdL3HejRFYZWxbcLBzYRtSL0o04s14rIIj9WR\nOoYuhJ1NqbMy9P2iXszaJt9oiFNulj/XGzMZQgoLmkxzPdVEYfUYmaXhTjimAAVD\n8gTMQbmuWpaRxctNNVFoIXX8yp6t4c3EqsLjjNuArYmZjPE=\n-----END CERTIFICATE-----",
                "common_name": "C=US,O=Google\\, Inc,CN=Google Cloud SQL Server CA,dnQualifier=9c8a2808-d3f4-4d59-be40-d6d589da55c7",
                "create_time": "2023-05-08T20:17:27.832Z",
                "expiration_time": "2033-05-05T20:18:27.832Z",
                "sha1_fingerprint": "1d000c72893a07ea7a4c3540d47cc32bf2de4957"
              }
            ],
            "service_account_email_address": "p756660098706-n5tvud@gcp-sa-cloud-sql.iam.gserviceaccount.com",
            "settings": [
              {
                "activation_policy": "ALWAYS",
                "active_directory_config": [],
                "availability_type": "ZONAL",
                "backup_configuration": [
                  {
                    "backup_retention_settings": [
                      {
                        "retained_backups": 7,
                        "retention_unit": "COUNT"
                      }
                    ],
                    "binary_log_enabled": false,
                    "enabled": false,
                    "location": "",
                    "point_in_time_recovery_enabled": false,
                    "start_time": "11:00",
                    "transaction_log_retention_days": 7
                  }
                ],
                "collation": "",
                "connector_enforcement": "NOT_REQUIRED",
                "database_flags": [
                  {
                    "name": "wait_timeout",
                    "value": "300"
                  },
                  {
                    "name": "max_connections",
                    "value": "1000"
                  }
                ],
                "deletion_protection_enabled": false,
                "deny_maintenance_period": [],
                "disk_autoresize": true,
                "disk_autoresize_limit": 0,
                "disk_size": 10,
                "disk_type": "PD_SSD",
                "insights_config": [],
                "ip_configuration": [
                  {
                    "allocated_ip_range": "",
                    "authorized_networks": [
                      {
                        "expiration_time": "",
                        "name": "all",
                        "value": "0.0.0.0/0"
                      }
                    ],
                    "enable_private_path_for_google_cloud_services": false,
                    "ipv4_enabled": true,
                    "private_network": "",
                    "require_ssl": false
                  }
                ],
                "location_preference": [
                  {
                    "follow_gae_application": "",
                    "secondary_zone": "",
                    "zone": "asia-east1-c"
                  }
                ],
                "maintenance_window": [],
                "password_validation_policy": [],
                "pricing_plan": "PER_USE",
                "sql_server_audit_config": [],
                "tier": "db-n1-standard-1",
                "time_zone": "",
                "user_labels": {},
                "version": 1
              }
            ],
            "timeouts": null
          },
          "sensitive_attributes": [],
          "private": "eyJlMmJmYjczMC1lY2FhLTExZTYtOGY4OC0zNDM2M2JjN2M0YzAiOnsiY3JlYXRlIjoyNDAwMDAwMDAwMDAwLCJkZWxldGUiOjE4MDAwMDAwMDAwMDAsInVwZGF0ZSI6MTgwMDAwMDAwMDAwMH19"
        }
      ]
    },
    {
      "mode": "managed",
      "type": "google_sql_user",
      "name": "admin_user",
      "provider": "provider[\"registry.terraform.io/hashicorp/google\"]",
      "instances": [
        {
          "schema_version": 1,
          "attributes": {
            "deletion_policy": null,
            "host": "%",
            "id": "prenotiamo_svcadm_ws/%/prenotiamo-instance",
            "instance": "prenotiamo-instance",
            "name": "prenotiamo_svcadm_ws",
            "password": "fvne40GHmy2khk6dzm",
            "password_policy": [],
            "project": "prenotiamo",
            "sql_server_user_details": [],
            "timeouts": null,
            "type": ""
          },
          "sensitive_attributes": [],
          "private": "eyJlMmJmYjczMC1lY2FhLTExZTYtOGY4OC0zNDM2M2JjN2M0YzAiOnsiY3JlYXRlIjo2MDAwMDAwMDAwMDAsImRlbGV0ZSI6NjAwMDAwMDAwMDAwLCJ1cGRhdGUiOjYwMDAwMDAwMDAwMH0sInNjaGVtYV92ZXJzaW9uIjoiMSJ9",
          "dependencies": [
            "google_sql_database_instance.prenotiamo_instance"
          ]
        }
      ]
    },
    {
      "mode": "managed",
      "type": "google_sql_user",
      "name": "service_user",
      "provider": "provider[\"registry.terraform.io/hashicorp/google\"]",
      "instances": [
        {
          "schema_version": 1,
          "attributes": {
            "deletion_policy": null,
            "host": "%",
            "id": "prenotiamo_svc_ws/%/prenotiamo-instance",
            "instance": "prenotiamo-instance",
            "name": "prenotiamo_svc_ws",
            "password": "fvne45GHmy2chy6dsm",
            "password_policy": [],
            "project": "prenotiamo",
            "sql_server_user_details": [],
            "timeouts": null,
            "type": ""
          },
          "sensitive_attributes": [],
          "private": "eyJlMmJmYjczMC1lY2FhLTExZTYtOGY4OC0zNDM2M2JjN2M0YzAiOnsiY3JlYXRlIjo2MDAwMDAwMDAwMDAsImRlbGV0ZSI6NjAwMDAwMDAwMDAwLCJ1cGRhdGUiOjYwMDAwMDAwMDAwMH0sInNjaGVtYV92ZXJzaW9uIjoiMSJ9",
          "dependencies": [
            "google_sql_database_instance.prenotiamo_instance"
          ]
        }
      ]
    },
    {
      "mode": "managed",
      "type": "kubernetes_deployment",
      "name": "prenotiamo_deployment",
      "provider": "provider[\"registry.terraform.io/hashicorp/kubernetes\"]",
      "instances": [
        {
          "status": "tainted",
          "schema_version": 1,
          "attributes": {
            "id": "default/prenotiamo-deployment",
            "metadata": [
              {
                "annotations": null,
                "generate_name": "",
                "generation": 0,
                "labels": null,
                "name": "prenotiamo-deployment",
                "namespace": "default",
                "resource_version": "",
                "uid": ""
              }
            ],
            "spec": [
              {
                "min_ready_seconds": 0,
                "paused": false,
                "progress_deadline_seconds": 600,
                "replicas": "3",
                "revision_history_limit": 10,
                "selector": [
                  {
                    "match_expressions": [],
                    "match_labels": {
                      "app": "prenotiamo"
                    }
                  }
                ],
                "strategy": [],
                "template": [
                  {
                    "metadata": [
                      {
                        "annotations": null,
                        "generate_name": "",
                        "generation": 0,
                        "labels": {
                          "app": "prenotiamo"
                        },
                        "name": "",
                        "namespace": "",
                        "resource_version": "",
                        "uid": ""
                      }
                    ],
                    "spec": [
                      {
                        "active_deadline_seconds": 0,
                        "affinity": [],
                        "automount_service_account_token": true,
                        "container": [
                          {
                            "args": null,
                            "command": null,
                            "env": [],
                            "env_from": [
                              {
                                "config_map_ref": [],
                                "prefix": "",
                                "secret_ref": [
                                  {
                                    "name": "prenotiamo-secret",
                                    "optional": false
                                  }
                                ]
                              }
                            ],
                            "image": "gcr.io/prenotiamo/prenotiamo-image:latest",
                            "image_pull_policy": "",
                            "lifecycle": [],
                            "liveness_probe": [],
                            "name": "prenotiamo",
                            "port": [
                              {
                                "container_port": 3000,
                                "host_ip": "",
                                "host_port": 0,
                                "name": "",
                                "protocol": "TCP"
                              }
                            ],
                            "readiness_probe": [],
                            "resources": [],
                            "security_context": [],
                            "startup_probe": [],
                            "stdin": false,
                            "stdin_once": false,
                            "termination_message_path": "/dev/termination-log",
                            "termination_message_policy": "",
                            "tty": false,
                            "volume_mount": [],
                            "working_dir": ""
                          }
                        ],
                        "dns_config": [],
                        "dns_policy": "ClusterFirst",
                        "enable_service_links": true,
                        "host_aliases": [],
                        "host_ipc": false,
                        "host_network": false,
                        "host_pid": false,
                        "hostname": "",
                        "image_pull_secrets": [],
                        "init_container": [],
                        "node_name": "",
                        "node_selector": null,
                        "priority_class_name": "",
                        "readiness_gate": [],
                        "restart_policy": "Always",
                        "runtime_class_name": "",
                        "scheduler_name": "",
                        "security_context": [],
                        "service_account_name": "",
                        "share_process_namespace": false,
                        "subdomain": "",
                        "termination_grace_period_seconds": 30,
                        "toleration": [],
                        "topology_spread_constraint": [],
                        "volume": []
                      }
                    ]
                  }
                ]
              }
            ],
            "timeouts": null,
            "wait_for_rollout": true
          },
          "sensitive_attributes": [],
          "private": "eyJlMmJmYjczMC1lY2FhLTExZTYtOGY4OC0zNDM2M2JjN2M0YzAiOnsiY3JlYXRlIjo2MDAwMDAwMDAwMDAsImRlbGV0ZSI6NjAwMDAwMDAwMDAwLCJ1cGRhdGUiOjYwMDAwMDAwMDAwMH0sInNjaGVtYV92ZXJzaW9uIjoiMSJ9",
          "dependencies": [
            "data.google_client_config.default",
            "data.google_container_cluster.cluster",
            "google_container_cluster.prenotiamo_cluster"
          ]
        }
      ]
    },
    {
      "mode": "managed",
      "type": "kubernetes_secret",
      "name": "prenotiamo_secret",
      "provider": "provider[\"registry.terraform.io/hashicorp/kubernetes\"]",
      "instances": [
        {
          "schema_version": 0,
          "attributes": {
            "binary_data": null,
            "data": {
              "COOKIE_NAME": "access-token",
              "DB_HOSTNAME": "35.221.221.143",
              "DB_NAME": "prenotiamo",
              "DB_SERVICE_ADMIN": "prenotiamo_svcadm_ws",
              "DB_SERVICE_ADMIN_PASSWORD": "fvne40GHmy2khk6dzm",
              "DB_SERVICE_USER": "prenotiamo_svc_ws",
              "DB_SERVICE_USER_PASSWORD": "fvne45GHmy2chy6dsm",
              "JWT_SECRET": "SvknoqxGZGROItZQyoK4JNLJRXmsXvseiC0Am9Ng1R0Ar",
              "MAILTRAP_SECRET": "ea3e4ccdd17f24",
              "SMTP_SERVER": "smtp.mailtrap.io",
              "SMTP_USERNAME": "06642beb68d404"
            },
            "id": "default/prenotiamo-secret",
            "immutable": false,
            "metadata": [
              {
                "annotations": null,
                "generate_name": "",
                "generation": 0,
                "labels": null,
                "name": "prenotiamo-secret",
                "namespace": "default",
                "resource_version": "1182",
                "uid": "bd08fa1a-17de-40f8-827e-1504550a9f3f"
              }
            ],
            "timeouts": null,
            "type": "Opaque",
            "wait_for_service_account_token": true
          },
          "sensitive_attributes": [],
          "private": "eyJlMmJmYjczMC1lY2FhLTExZTYtOGY4OC0zNDM2M2JjN2M0YzAiOnsiY3JlYXRlIjo2MDAwMDAwMDAwMH19",
          "dependencies": [
            "data.google_client_config.default",
            "data.google_container_cluster.cluster",
            "google_container_cluster.prenotiamo_cluster",
            "google_sql_database_instance.prenotiamo_instance"
          ]
        }
      ]
    },
    {
      "mode": "managed",
      "type": "kubernetes_service",
      "name": "prenotiamo_service",
      "provider": "provider[\"registry.terraform.io/hashicorp/kubernetes\"]",
      "instances": [
        {
          "schema_version": 1,
          "attributes": {
            "id": "default/prenotiamo-service",
            "metadata": [
              {
                "annotations": null,
                "generate_name": "",
                "generation": 0,
                "labels": null,
                "name": "prenotiamo-service",
                "namespace": "default",
                "resource_version": "1615",
                "uid": "54280a92-0b2a-47e1-b67b-48a417a07de7"
              }
            ],
            "spec": [
              {
                "allocate_load_balancer_node_ports": true,
                "cluster_ip": "10.79.246.196",
                "cluster_ips": [
                  "10.79.246.196"
                ],
                "external_ips": null,
                "external_name": "",
                "external_traffic_policy": "Cluster",
                "health_check_node_port": 0,
                "internal_traffic_policy": "Cluster",
                "ip_families": [
                  "IPv4"
                ],
                "ip_family_policy": "SingleStack",
                "load_balancer_class": "",
                "load_balancer_ip": "",
                "load_balancer_source_ranges": null,
                "port": [
                  {
                    "app_protocol": "",
                    "name": "",
                    "node_port": 32261,
                    "port": 80,
                    "protocol": "TCP",
                    "target_port": "3000"
                  }
                ],
                "publish_not_ready_addresses": false,
                "selector": {
                  "app": "prenotiamo"
                },
                "session_affinity": "None",
                "session_affinity_config": [],
                "type": "LoadBalancer"
              }
            ],
            "status": [
              {
                "load_balancer": [
                  {
                    "ingress": [
                      {
                        "hostname": "",
                        "ip": "34.81.19.131"
                      }
                    ]
                  }
                ]
              }
            ],
            "timeouts": null,
            "wait_for_load_balancer": true
          },
          "sensitive_attributes": [],
          "private": "eyJlMmJmYjczMC1lY2FhLTExZTYtOGY4OC0zNDM2M2JjN2M0YzAiOnsiY3JlYXRlIjo2MDAwMDAwMDAwMDB9LCJzY2hlbWFfdmVyc2lvbiI6IjEifQ==",
          "dependencies": [
            "data.google_client_config.default",
            "data.google_container_cluster.cluster",
            "google_container_cluster.prenotiamo_cluster"
          ]
        }
      ]
    },
    {
      "mode": "managed",
      "type": "null_resource",
      "name": "populate_db",
      "provider": "provider[\"registry.terraform.io/hashicorp/null\"]",
      "instances": [
        {
          "schema_version": 0,
          "attributes": {
            "id": "2135721864",
            "triggers": null
          },
          "sensitive_attributes": [],
          "dependencies": [
            "google_sql_database_instance.prenotiamo_instance",
            "google_sql_user.admin_user"
          ]
        }
      ]
    }
  ],
  "check_results": null
}
